
Microsoft Visual Studio Solution File, Format Version 12.00
# Visual Studio Version 17
VisualStudioVersion = 17.11.35327.3
MinimumVisualStudioVersion = 10.0.40219.1
Project("{FAE04EC0-301F-11D3-BF4B-00C04F79EFBC}") = "01_MainSubjects", "01_MainSubjects\01_MainSubjects.csproj", "{D76A55F4-B3E6-49D5-99C4-5BE65F0EBE82}"
EndProject
Project("{FAE04EC0-301F-11D3-BF4B-00C04F79EFBC}") = "02_Variables", "02_Variables\02_Variables.csproj", "{1AC302AF-8187-4D71-9EC4-848A2B9595A1}"
EndProject
Project("{FAE04EC0-301F-11D3-BF4B-00C04F79EFBC}") = "03_MakingDecision", "03_MakingDecision\03_MakingDecision.csproj", "{E5754943-1BF5-4A0B-94EE-81EA30DBA64B}"
EndProject
Project("{FAE04EC0-301F-11D3-BF4B-00C04F79EFBC}") = "04_Loops", "04_Loops\04_Loops.csproj", "{A9FEF4EB-B5E3-4934-BC6D-19602BE9CBAA}"
EndProject
Project("{FAE04EC0-301F-11D3-BF4B-00C04F79EFBC}") = "05_LoopWithStars", "05_LoopWithStars\05_LoopWithStars.csproj", "{265163A1-2EC3-47D3-AFE0-202CA7B19ABA}"
EndProject
Project("{FAE04EC0-301F-11D3-BF4B-00C04F79EFBC}") = "06_Arrays", "06_Arrays\06_Arrays.csproj", "{8933B9D0-46BD-4F15-BCC9-5615CCD9C614}"
EndProject
Project("{FAE04EC0-301F-11D3-BF4B-00C04F79EFBC}") = "07_ForeachLoop", "07_ForeachLoop\07_ForeachLoop.csproj", "{83C8AE92-8F34-431E-8F5A-A496CB4C004B}"
EndProject
Project("{FAE04EC0-301F-11D3-BF4B-00C04F79EFBC}") = "08_Methods", "08_Methods\08_Methods.csproj", "{6E0A1A5B-C93A-4A48-99A9-6520D4127360}"
EndProject
Project("{FAE04EC0-301F-11D3-BF4B-00C04F79EFBC}") = "09_DatabaseProject", "09_DatabaseProject\09_DatabaseProject\09_DatabaseProject.csproj", "{FAF7CCAE-2045-4BEB-B26F-C5F215194C70}"
EndProject
Global
	GlobalSection(SolutionConfigurationPlatforms) = preSolution
		Debug|Any CPU = Debug|Any CPU
		Release|Any CPU = Release|Any CPU
	EndGlobalSection
	GlobalSection(ProjectConfigurationPlatforms) = postSolution
		{D76A55F4-B3E6-49D5-99C4-5BE65F0EBE82}.Debug|Any CPU.ActiveCfg = Debug|Any CPU
		{D76A55F4-B3E6-49D5-99C4-5BE65F0EBE82}.Debug|Any CPU.Build.0 = Debug|Any CPU
		{D76A55F4-B3E6-49D5-99C4-5BE65F0EBE82}.Release|Any CPU.ActiveCfg = Release|Any CPU
		{D76A55F4-B3E6-49D5-99C4-5BE65F0EBE82}.Release|Any CPU.Build.0 = Release|Any CPU
		{1AC302AF-8187-4D71-9EC4-848A2B9595A1}.Debug|Any CPU.ActiveCfg = Debug|Any CPU
		{1AC302AF-8187-4D71-9EC4-848A2B9595A1}.Debug|Any CPU.Build.0 = Debug|Any CPU
		{1AC302AF-8187-4D71-9EC4-848A2B9595A1}.Release|Any CPU.ActiveCfg = Release|Any CPU
		{1AC302AF-8187-4D71-9EC4-848A2B9595A1}.Release|Any CPU.Build.0 = Release|Any CPU
		{E5754943-1BF5-4A0B-94EE-81EA30DBA64B}.Debug|Any CPU.ActiveCfg = Debug|Any CPU
		{E5754943-1BF5-4A0B-94EE-81EA30DBA64B}.Debug|Any CPU.Build.0 = Debug|Any CPU
		{E5754943-1BF5-4A0B-94EE-81EA30DBA64B}.Release|Any CPU.ActiveCfg = Release|Any CPU
		{E5754943-1BF5-4A0B-94EE-81EA30DBA64B}.Release|Any CPU.Build.0 = Release|Any CPU
		{A9FEF4EB-B5E3-4934-BC6D-19602BE9CBAA}.Debug|Any CPU.ActiveCfg = Debug|Any CPU
		{A9FEF4EB-B5E3-4934-BC6D-19602BE9CBAA}.Debug|Any CPU.Build.0 = Debug|Any CPU
		{A9FEF4EB-B5E3-4934-BC6D-19602BE9CBAA}.Release|Any CPU.ActiveCfg = Release|Any CPU
		{A9FEF4EB-B5E3-4934-BC6D-19602BE9CBAA}.Release|Any CPU.Build.0 = Release|Any CPU
		{265163A1-2EC3-47D3-AFE0-202CA7B19ABA}.Debug|Any CPU.ActiveCfg = Debug|Any CPU
		{265163A1-2EC3-47D3-AFE0-202CA7B19ABA}.Debug|Any CPU.Build.0 = Debug|Any CPU
		{265163A1-2EC3-47D3-AFE0-202CA7B19ABA}.Release|Any CPU.ActiveCfg = Release|Any CPU
		{265163A1-2EC3-47D3-AFE0-202CA7B19ABA}.Release|Any CPU.Build.0 = Release|Any CPU
		{8933B9D0-46BD-4F15-BCC9-5615CCD9C614}.Debug|Any CPU.ActiveCfg = Debug|Any CPU
		{8933B9D0-46BD-4F15-BCC9-5615CCD9C614}.Debug|Any CPU.Build.0 = Debug|Any CPU
		{8933B9D0-46BD-4F15-BCC9-5615CCD9C614}.Release|Any CPU.ActiveCfg = Release|Any CPU
		{8933B9D0-46BD-4F15-BCC9-5615CCD9C614}.Release|Any CPU.Build.0 = Release|Any CPU
		{83C8AE92-8F34-431E-8F5A-A496CB4C004B}.Debug|Any CPU.ActiveCfg = Debug|Any CPU
		{83C8AE92-8F34-431E-8F5A-A496CB4C004B}.Debug|Any CPU.Build.0 = Debug|Any CPU
		{83C8AE92-8F34-431E-8F5A-A496CB4C004B}.Release|Any CPU.ActiveCfg = Release|Any CPU
		{83C8AE92-8F34-431E-8F5A-A496CB4C004B}.Release|Any CPU.Build.0 = Release|Any CPU
		{6E0A1A5B-C93A-4A48-99A9-6520D4127360}.Debug|Any CPU.ActiveCfg = Debug|Any CPU
		{6E0A1A5B-C93A-4A48-99A9-6520D4127360}.Debug|Any CPU.Build.0 = Debug|Any CPU
		{6E0A1A5B-C93A-4A48-99A9-6520D4127360}.Release|Any CPU.ActiveCfg = Release|Any CPU
		{6E0A1A5B-C93A-4A48-99A9-6520D4127360}.Release|Any CPU.Build.0 = Release|Any CPU
		{FAF7CCAE-2045-4BEB-B26F-C5F215194C70}.Debug|Any CPU.ActiveCfg = Debug|Any CPU
		{FAF7CCAE-2045-4BEB-B26F-C5F215194C70}.Debug|Any CPU.Build.0 = Debug|Any CPU
		{FAF7CCAE-2045-4BEB-B26F-C5F215194C70}.Release|Any CPU.ActiveCfg = Release|Any CPU
		{FAF7CCAE-2045-4BEB-B26F-C5F215194C70}.Release|Any CPU.Build.0 = Release|Any CPU
	EndGlobalSection
	GlobalSection(SolutionProperties) = preSolution
		HideSolutionNode = FALSE
	EndGlobalSection
	GlobalSection(ExtensibilityGlobals) = postSolution
		SolutionGuid = {F26D1568-996E-4814-B228-C20B2B356CF2}
	EndGlobalSection
EndGlobal
